
Microsoft Visual Studio Solution File, Format Version 12.00
# Visual Studio 15
VisualStudioVersion = 15.0.28010.2016
MinimumVisualStudioVersion = 10.0.40219.1
Project("{E24C65DC-7377-472B-9ABA-BC803B73C61A}") = "SpotOn.Web", "SpotOn.Web\", "{9C4D1C79-03EC-4564-AB44-B489BE95AAC2}"
	ProjectSection(WebsiteProperties) = preProject
		TargetFrameworkMoniker = ".NETFramework,Version%3Dv4.5"
		Debug.AspNetCompiler.VirtualPath = "/localhost_9258"
		Debug.AspNetCompiler.PhysicalPath = "SpotOn.Web\"
		Debug.AspNetCompiler.TargetPath = "PrecompiledWeb\localhost_9258\"
		Debug.AspNetCompiler.Updateable = "true"
		Debug.AspNetCompiler.ForceOverwrite = "true"
		Debug.AspNetCompiler.FixedNames = "false"
		Debug.AspNetCompiler.Debug = "True"
		Release.AspNetCompiler.VirtualPath = "/localhost_9258"
		Release.AspNetCompiler.PhysicalPath = "SpotOn.Web\"
		Release.AspNetCompiler.TargetPath = "PrecompiledWeb\localhost_9258\"
		Release.AspNetCompiler.Updateable = "true"
		Release.AspNetCompiler.ForceOverwrite = "true"
		Release.AspNetCompiler.FixedNames = "false"
		Release.AspNetCompiler.Debug = "False"
		VWDPort = "9258"
		SlnRelativePath = "SpotOn.Web\"
		DefaultWebSiteLanguage = "Visual C#"
	EndProjectSection
	ProjectSection(ProjectDependencies) = postProject
		{D3D4B635-A633-4808-A855-DB8CF9232200} = {D3D4B635-A633-4808-A855-DB8CF9232200}
	EndProjectSection
EndProject
Project("{FAE04EC0-301F-11D3-BF4B-00C04F79EFBC}") = "SpotOn.Core", "SpotOn.Core\SpotOn.Core.csproj", "{D3D4B635-A633-4808-A855-DB8CF9232200}"
EndProject
Global
	GlobalSection(SolutionConfigurationPlatforms) = preSolution
		Debug|Any CPU = Debug|Any CPU
		Release|Any CPU = Release|Any CPU
	EndGlobalSection
	GlobalSection(ProjectConfigurationPlatforms) = postSolution
		{9C4D1C79-03EC-4564-AB44-B489BE95AAC2}.Debug|Any CPU.ActiveCfg = Debug|Any CPU
		{9C4D1C79-03EC-4564-AB44-B489BE95AAC2}.Release|Any CPU.ActiveCfg = Debug|Any CPU
		{D3D4B635-A633-4808-A855-DB8CF9232200}.Debug|Any CPU.ActiveCfg = Debug|Any CPU
		{D3D4B635-A633-4808-A855-DB8CF9232200}.Debug|Any CPU.Build.0 = Debug|Any CPU
		{D3D4B635-A633-4808-A855-DB8CF9232200}.Release|Any CPU.ActiveCfg = Release|Any CPU
		{D3D4B635-A633-4808-A855-DB8CF9232200}.Release|Any CPU.Build.0 = Release|Any CPU
	EndGlobalSection
	GlobalSection(SolutionProperties) = preSolution
		HideSolutionNode = FALSE
	EndGlobalSection
	GlobalSection(ExtensibilityGlobals) = postSolution
		SolutionGuid = {E2EF59A5-BCCC-4145-B36F-7AF5E7659A76}
	EndGlobalSection
EndGlobal
